// !$*UTF8*$!
{
	archiveVersion = 1;
	classes = {
	};
	objectVersion = 56;
	objects = {

/* Begin PBXBuildFile section */
		372E247C2B1CD7FA00A05199 /* SampleData.swift in Sources */ = {isa = PBXBuildFile; fileRef = 372E247B2B1CD7FA00A05199 /* SampleData.swift */; };
		372E24852B2192CD00A05199 /* UserSettingsContentView.swift in Sources */ = {isa = PBXBuildFile; fileRef = 372E24842B2192CD00A05199 /* UserSettingsContentView.swift */; };
		372E24872B268C9500A05199 /* Color.swift in Sources */ = {isa = PBXBuildFile; fileRef = 372E24862B268C9500A05199 /* Color.swift */; };
		372E248D2B2AA33600A05199 /* UserSettings.swift in Sources */ = {isa = PBXBuildFile; fileRef = 372E248C2B2AA33600A05199 /* UserSettings.swift */; };
		372E248F2B31057D00A05199 /* LocationSearch.swift in Sources */ = {isa = PBXBuildFile; fileRef = 372E248E2B31057D00A05199 /* LocationSearch.swift */; };
		372E24942B39C58500A05199 /* AppNotifications.swift in Sources */ = {isa = PBXBuildFile; fileRef = 372E24932B39C58500A05199 /* AppNotifications.swift */; };
		375306EF2A7DD1650043091F /* AppIcon.swift in Sources */ = {isa = PBXBuildFile; fileRef = 375306EE2A7DD1650043091F /* AppIcon.swift */; };
		376679A82ADB9A4100CF583F /* Alamofire in Frameworks */ = {isa = PBXBuildFile; productRef = 376679A72ADB9A4100CF583F /* Alamofire */; };
		376679AB2ADB9D6300CF583F /* Date.swift in Sources */ = {isa = PBXBuildFile; fileRef = 376679AA2ADB9D6300CF583F /* Date.swift */; };
		37C6869E2A7EE1CC00771C45 /* SalatTime.swift in Sources */ = {isa = PBXBuildFile; fileRef = 37C6869D2A7EE1CC00771C45 /* SalatTime.swift */; };
		37C686A02A7F210F00771C45 /* SalatTimeData.swift in Sources */ = {isa = PBXBuildFile; fileRef = 37C6869F2A7F210F00771C45 /* SalatTimeData.swift */; };
		37D25ADA2A7B095700FFA2C2 /* MainApp.swift in Sources */ = {isa = PBXBuildFile; fileRef = 37D25AD92A7B095700FFA2C2 /* MainApp.swift */; };
		37D25ADC2A7B095700FFA2C2 /* PopupWindow.swift in Sources */ = {isa = PBXBuildFile; fileRef = 37D25ADB2A7B095700FFA2C2 /* PopupWindow.swift */; };
		37D25ADE2A7B095A00FFA2C2 /* Assets.xcassets in Resources */ = {isa = PBXBuildFile; fileRef = 37D25ADD2A7B095A00FFA2C2 /* Assets.xcassets */; };
		37D25AE12A7B095A00FFA2C2 /* Preview Assets.xcassets in Resources */ = {isa = PBXBuildFile; fileRef = 37D25AE02A7B095A00FFA2C2 /* Preview Assets.xcassets */; };
		37F3ADF32B47AAAE005D0A61 /* Visualizer.swift in Sources */ = {isa = PBXBuildFile; fileRef = 37F3ADF22B47AAAE005D0A61 /* Visualizer.swift */; };
		37F3ADF52B49C245005D0A61 /* View.swift in Sources */ = {isa = PBXBuildFile; fileRef = 37F3ADF42B49C245005D0A61 /* View.swift */; };
/* End PBXBuildFile section */

/* Begin PBXFileReference section */
		372E247B2B1CD7FA00A05199 /* SampleData.swift */ = {isa = PBXFileReference; lastKnownFileType = sourcecode.swift; path = SampleData.swift; sourceTree = "<group>"; };
		372E24842B2192CD00A05199 /* UserSettingsContentView.swift */ = {isa = PBXFileReference; lastKnownFileType = sourcecode.swift; path = UserSettingsContentView.swift; sourceTree = "<group>"; };
		372E24862B268C9500A05199 /* Color.swift */ = {isa = PBXFileReference; lastKnownFileType = sourcecode.swift; path = Color.swift; sourceTree = "<group>"; };
		372E248C2B2AA33600A05199 /* UserSettings.swift */ = {isa = PBXFileReference; lastKnownFileType = sourcecode.swift; path = UserSettings.swift; sourceTree = "<group>"; };
		372E248E2B31057D00A05199 /* LocationSearch.swift */ = {isa = PBXFileReference; lastKnownFileType = sourcecode.swift; path = LocationSearch.swift; sourceTree = "<group>"; };
		372E24902B35F34C00A05199 /* SalatTimeBarRelease.entitlements */ = {isa = PBXFileReference; lastKnownFileType = text.plist.entitlements; path = SalatTimeBarRelease.entitlements; sourceTree = "<group>"; };
		372E24932B39C58500A05199 /* AppNotifications.swift */ = {isa = PBXFileReference; lastKnownFileType = sourcecode.swift; path = AppNotifications.swift; sourceTree = "<group>"; };
		375306EE2A7DD1650043091F /* AppIcon.swift */ = {isa = PBXFileReference; lastKnownFileType = sourcecode.swift; path = AppIcon.swift; sourceTree = "<group>"; };
		376679AA2ADB9D6300CF583F /* Date.swift */ = {isa = PBXFileReference; lastKnownFileType = sourcecode.swift; path = Date.swift; sourceTree = "<group>"; };
		376679AC2ADBAA5A00CF583F /* Info.plist */ = {isa = PBXFileReference; lastKnownFileType = text.plist; path = Info.plist; sourceTree = "<group>"; };
		37C6869D2A7EE1CC00771C45 /* SalatTime.swift */ = {isa = PBXFileReference; lastKnownFileType = sourcecode.swift; path = SalatTime.swift; sourceTree = "<group>"; };
		37C6869F2A7F210F00771C45 /* SalatTimeData.swift */ = {isa = PBXFileReference; lastKnownFileType = sourcecode.swift; path = SalatTimeData.swift; sourceTree = "<group>"; };
		37D25AD62A7B095700FFA2C2 /* SalatTimeBar.app */ = {isa = PBXFileReference; explicitFileType = wrapper.application; includeInIndex = 0; path = SalatTimeBar.app; sourceTree = BUILT_PRODUCTS_DIR; };
		37D25AD92A7B095700FFA2C2 /* MainApp.swift */ = {isa = PBXFileReference; lastKnownFileType = sourcecode.swift; path = MainApp.swift; sourceTree = "<group>"; };
		37D25ADB2A7B095700FFA2C2 /* PopupWindow.swift */ = {isa = PBXFileReference; lastKnownFileType = sourcecode.swift; path = PopupWindow.swift; sourceTree = "<group>"; };
		37D25ADD2A7B095A00FFA2C2 /* Assets.xcassets */ = {isa = PBXFileReference; lastKnownFileType = folder.assetcatalog; path = Assets.xcassets; sourceTree = "<group>"; };
		37D25AE02A7B095A00FFA2C2 /* Preview Assets.xcassets */ = {isa = PBXFileReference; lastKnownFileType = folder.assetcatalog; path = "Preview Assets.xcassets"; sourceTree = "<group>"; };
		37D25AE22A7B095A00FFA2C2 /* SalatTimeBar.entitlements */ = {isa = PBXFileReference; lastKnownFileType = text.plist.entitlements; path = SalatTimeBar.entitlements; sourceTree = "<group>"; };
		37F3ADF22B47AAAE005D0A61 /* Visualizer.swift */ = {isa = PBXFileReference; lastKnownFileType = sourcecode.swift; path = Visualizer.swift; sourceTree = "<group>"; };
		37F3ADF42B49C245005D0A61 /* View.swift */ = {isa = PBXFileReference; lastKnownFileType = sourcecode.swift; path = View.swift; sourceTree = "<group>"; };
/* End PBXFileReference section */

/* Begin PBXFrameworksBuildPhase section */
		37D25AD32A7B095700FFA2C2 /* Frameworks */ = {
			isa = PBXFrameworksBuildPhase;
			buildActionMask = 2147483647;
			files = (
				376679A82ADB9A4100CF583F /* Alamofire in Frameworks */,
			);
			runOnlyForDeploymentPostprocessing = 0;
		};
/* End PBXFrameworksBuildPhase section */

/* Begin PBXGroup section */
		372E247F2B20F93200A05199 /* Data */ = {
			isa = PBXGroup;
			children = (
				372E248C2B2AA33600A05199 /* UserSettings.swift */,
				37C6869D2A7EE1CC00771C45 /* SalatTime.swift */,
				37C6869F2A7F210F00771C45 /* SalatTimeData.swift */,
				372E247B2B1CD7FA00A05199 /* SampleData.swift */,
				372E248E2B31057D00A05199 /* LocationSearch.swift */,
				372E24932B39C58500A05199 /* AppNotifications.swift */,
			);
			path = Data;
			sourceTree = "<group>";
		};
		376679A92ADB9D5500CF583F /* Extensions */ = {
			isa = PBXGroup;
			children = (
				376679AA2ADB9D6300CF583F /* Date.swift */,
				372E24862B268C9500A05199 /* Color.swift */,
				37F3ADF42B49C245005D0A61 /* View.swift */,
			);
			path = Extensions;
			sourceTree = "<group>";
		};
		37D25ACD2A7B095700FFA2C2 = {
			isa = PBXGroup;
			children = (
				37D25AD82A7B095700FFA2C2 /* SalatTimeBar */,
				37D25AD72A7B095700FFA2C2 /* Products */,
			);
			sourceTree = "<group>";
		};
		37D25AD72A7B095700FFA2C2 /* Products */ = {
			isa = PBXGroup;
			children = (
				37D25AD62A7B095700FFA2C2 /* SalatTimeBar.app */,
			);
			name = Products;
			sourceTree = "<group>";
		};
		37D25AD82A7B095700FFA2C2 /* SalatTimeBar */ = {
			isa = PBXGroup;
			children = (
				372E24902B35F34C00A05199 /* SalatTimeBarRelease.entitlements */,
				376679AC2ADBAA5A00CF583F /* Info.plist */,
				376679A92ADB9D5500CF583F /* Extensions */,
				372E247F2B20F93200A05199 /* Data */,
				375306EE2A7DD1650043091F /* AppIcon.swift */,
				37D25AD92A7B095700FFA2C2 /* MainApp.swift */,
				372E24842B2192CD00A05199 /* UserSettingsContentView.swift */,
				37D25ADB2A7B095700FFA2C2 /* PopupWindow.swift */,
				37F3ADF22B47AAAE005D0A61 /* Visualizer.swift */,
				37D25ADD2A7B095A00FFA2C2 /* Assets.xcassets */,
				37D25AE22A7B095A00FFA2C2 /* SalatTimeBar.entitlements */,
				37D25ADF2A7B095A00FFA2C2 /* Preview Content */,
			);
			path = SalatTimeBar;
			sourceTree = "<group>";
		};
		37D25ADF2A7B095A00FFA2C2 /* Preview Content */ = {
			isa = PBXGroup;
			children = (
				37D25AE02A7B095A00FFA2C2 /* Preview Assets.xcassets */,
			);
			path = "Preview Content";
			sourceTree = "<group>";
		};
/* End PBXGroup section */

/* Begin PBXNativeTarget section */
		37D25AD52A7B095700FFA2C2 /* SalatTimeBar */ = {
			isa = PBXNativeTarget;
			buildConfigurationList = 37D25AFB2A7B095A00FFA2C2 /* Build configuration list for PBXNativeTarget "SalatTimeBar" */;
			buildPhases = (
				37D25AD22A7B095700FFA2C2 /* Sources */,
				37D25AD32A7B095700FFA2C2 /* Frameworks */,
				37D25AD42A7B095700FFA2C2 /* Resources */,
			);
			buildRules = (
			);
			dependencies = (
			);
			name = SalatTimeBar;
			packageProductDependencies = (
				376679A72ADB9A4100CF583F /* Alamofire */,
			);
			productName = SalatTimeBar;
			productReference = 37D25AD62A7B095700FFA2C2 /* SalatTimeBar.app */;
			productType = "com.apple.product-type.application";
		};
/* End PBXNativeTarget section */

/* Begin PBXProject section */
		37D25ACE2A7B095700FFA2C2 /* Project object */ = {
			isa = PBXProject;
			attributes = {
				BuildIndependentTargetsInParallel = 1;
				LastSwiftUpdateCheck = 1500;
				LastUpgradeCheck = 1500;
				TargetAttributes = {
					37D25AD52A7B095700FFA2C2 = {
						CreatedOnToolsVersion = 15.0;
					};
				};
			};
			buildConfigurationList = 37D25AD12A7B095700FFA2C2 /* Build configuration list for PBXProject "SalatTimeBar" */;
			compatibilityVersion = "Xcode 14.0";
			developmentRegion = en;
			hasScannedForEncodings = 0;
			knownRegions = (
				en,
				Base,
			);
			mainGroup = 37D25ACD2A7B095700FFA2C2;
			packageReferences = (
				376679A62ADB9A4100CF583F /* XCRemoteSwiftPackageReference "Alamofire" */,
			);
			productRefGroup = 37D25AD72A7B095700FFA2C2 /* Products */;
			projectDirPath = "";
			projectRoot = "";
			targets = (
				37D25AD52A7B095700FFA2C2 /* SalatTimeBar */,
			);
		};
/* End PBXProject section */

/* Begin PBXResourcesBuildPhase section */
		37D25AD42A7B095700FFA2C2 /* Resources */ = {
			isa = PBXResourcesBuildPhase;
			buildActionMask = 2147483647;
			files = (
				37D25AE12A7B095A00FFA2C2 /* Preview Assets.xcassets in Resources */,
				37D25ADE2A7B095A00FFA2C2 /* Assets.xcassets in Resources */,
			);
			runOnlyForDeploymentPostprocessing = 0;
		};
/* End PBXResourcesBuildPhase section */

/* Begin PBXSourcesBuildPhase section */
		37D25AD22A7B095700FFA2C2 /* Sources */ = {
			isa = PBXSourcesBuildPhase;
			buildActionMask = 2147483647;
			files = (
				37C686A02A7F210F00771C45 /* SalatTimeData.swift in Sources */,
				376679AB2ADB9D6300CF583F /* Date.swift in Sources */,
				37F3ADF52B49C245005D0A61 /* View.swift in Sources */,
				372E247C2B1CD7FA00A05199 /* SampleData.swift in Sources */,
				372E24872B268C9500A05199 /* Color.swift in Sources */,
				37D25ADC2A7B095700FFA2C2 /* PopupWindow.swift in Sources */,
				372E24852B2192CD00A05199 /* UserSettingsContentView.swift in Sources */,
				37F3ADF32B47AAAE005D0A61 /* Visualizer.swift in Sources */,
				372E24942B39C58500A05199 /* AppNotifications.swift in Sources */,
				37D25ADA2A7B095700FFA2C2 /* MainApp.swift in Sources */,
				37C6869E2A7EE1CC00771C45 /* SalatTime.swift in Sources */,
				375306EF2A7DD1650043091F /* AppIcon.swift in Sources */,
				372E248F2B31057D00A05199 /* LocationSearch.swift in Sources */,
				372E248D2B2AA33600A05199 /* UserSettings.swift in Sources */,
			);
			runOnlyForDeploymentPostprocessing = 0;
		};
/* End PBXSourcesBuildPhase section */

/* Begin XCBuildConfiguration section */
		37D25AF92A7B095A00FFA2C2 /* Debug */ = {
			isa = XCBuildConfiguration;
			buildSettings = {
				ALWAYS_SEARCH_USER_PATHS = NO;
				ASSETCATALOG_COMPILER_GENERATE_SWIFT_ASSET_SYMBOL_EXTENSIONS = YES;
				CLANG_ANALYZER_NONNULL = YES;
				CLANG_ANALYZER_NUMBER_OBJECT_CONVERSION = YES_AGGRESSIVE;
				CLANG_CXX_LANGUAGE_STANDARD = "gnu++20";
				CLANG_ENABLE_MODULES = YES;
				CLANG_ENABLE_OBJC_ARC = YES;
				CLANG_ENABLE_OBJC_WEAK = YES;
				CLANG_WARN_BLOCK_CAPTURE_AUTORELEASING = YES;
				CLANG_WARN_BOOL_CONVERSION = YES;
				CLANG_WARN_COMMA = YES;
				CLANG_WARN_CONSTANT_CONVERSION = YES;
				CLANG_WARN_DEPRECATED_OBJC_IMPLEMENTATIONS = YES;
				CLANG_WARN_DIRECT_OBJC_ISA_USAGE = YES_ERROR;
				CLANG_WARN_DOCUMENTATION_COMMENTS = YES;
				CLANG_WARN_EMPTY_BODY = YES;
				CLANG_WARN_ENUM_CONVERSION = YES;
				CLANG_WARN_INFINITE_RECURSION = YES;
				CLANG_WARN_INT_CONVERSION = YES;
				CLANG_WARN_NON_LITERAL_NULL_CONVERSION = YES;
				CLANG_WARN_OBJC_IMPLICIT_RETAIN_SELF = YES;
				CLANG_WARN_OBJC_LITERAL_CONVERSION = YES;
				CLANG_WARN_OBJC_ROOT_CLASS = YES_ERROR;
				CLANG_WARN_QUOTED_INCLUDE_IN_FRAMEWORK_HEADER = YES;
				CLANG_WARN_RANGE_LOOP_ANALYSIS = YES;
				CLANG_WARN_STRICT_PROTOTYPES = YES;
				CLANG_WARN_SUSPICIOUS_MOVE = YES;
				CLANG_WARN_UNGUARDED_AVAILABILITY = YES_AGGRESSIVE;
				CLANG_WARN_UNREACHABLE_CODE = YES;
				CLANG_WARN__DUPLICATE_METHOD_MATCH = YES;
				COPY_PHASE_STRIP = NO;
				DEBUG_INFORMATION_FORMAT = dwarf;
				ENABLE_STRICT_OBJC_MSGSEND = YES;
				ENABLE_TESTABILITY = YES;
				ENABLE_USER_SCRIPT_SANDBOXING = YES;
				GCC_C_LANGUAGE_STANDARD = gnu17;
				GCC_DYNAMIC_NO_PIC = NO;
				GCC_NO_COMMON_BLOCKS = YES;
				GCC_OPTIMIZATION_LEVEL = 0;
				GCC_PREPROCESSOR_DEFINITIONS = (
					"DEBUG=1",
					"$(inherited)",
				);
				GCC_WARN_64_TO_32_BIT_CONVERSION = YES;
				GCC_WARN_ABOUT_RETURN_TYPE = YES_ERROR;
				GCC_WARN_UNDECLARED_SELECTOR = YES;
				GCC_WARN_UNINITIALIZED_AUTOS = YES_AGGRESSIVE;
				GCC_WARN_UNUSED_FUNCTION = YES;
				GCC_WARN_UNUSED_VARIABLE = YES;
				LOCALIZATION_PREFERS_STRING_CATALOGS = YES;
				MACOSX_DEPLOYMENT_TARGET = 14.0;
				MTL_ENABLE_DEBUG_INFO = INCLUDE_SOURCE;
				MTL_FAST_MATH = YES;
				ONLY_ACTIVE_ARCH = YES;
				SDKROOT = macosx;
				SWIFT_ACTIVE_COMPILATION_CONDITIONS = "DEBUG $(inherited)";
				SWIFT_OPTIMIZATION_LEVEL = "-Onone";
			};
			name = Debug;
		};
		37D25AFA2A7B095A00FFA2C2 /* Release */ = {
			isa = XCBuildConfiguration;
			buildSettings = {
				ALWAYS_SEARCH_USER_PATHS = NO;
				ASSETCATALOG_COMPILER_GENERATE_SWIFT_ASSET_SYMBOL_EXTENSIONS = YES;
				CLANG_ANALYZER_NONNULL = YES;
				CLANG_ANALYZER_NUMBER_OBJECT_CONVERSION = YES_AGGRESSIVE;
				CLANG_CXX_LANGUAGE_STANDARD = "gnu++20";
				CLANG_ENABLE_MODULES = YES;
				CLANG_ENABLE_OBJC_ARC = YES;
				CLANG_ENABLE_OBJC_WEAK = YES;
				CLANG_WARN_BLOCK_CAPTURE_AUTORELEASING = YES;
				CLANG_WARN_BOOL_CONVERSION = YES;
				CLANG_WARN_COMMA = YES;
				CLANG_WARN_CONSTANT_CONVERSION = YES;
				CLANG_WARN_DEPRECATED_OBJC_IMPLEMENTATIONS = YES;
				CLANG_WARN_DIRECT_OBJC_ISA_USAGE = YES_ERROR;
				CLANG_WARN_DOCUMENTATION_COMMENTS = YES;
				CLANG_WARN_EMPTY_BODY = YES;
				CLANG_WARN_ENUM_CONVERSION = YES;
				CLANG_WARN_INFINITE_RECURSION = YES;
				CLANG_WARN_INT_CONVERSION = YES;
				CLANG_WARN_NON_LITERAL_NULL_CONVERSION = YES;
				CLANG_WARN_OBJC_IMPLICIT_RETAIN_SELF = YES;
				CLANG_WARN_OBJC_LITERAL_CONVERSION = YES;
				CLANG_WARN_OBJC_ROOT_CLASS = YES_ERROR;
				CLANG_WARN_QUOTED_INCLUDE_IN_FRAMEWORK_HEADER = YES;
				CLANG_WARN_RANGE_LOOP_ANALYSIS = YES;
				CLANG_WARN_STRICT_PROTOTYPES = YES;
				CLANG_WARN_SUSPICIOUS_MOVE = YES;
				CLANG_WARN_UNGUARDED_AVAILABILITY = YES_AGGRESSIVE;
				CLANG_WARN_UNREACHABLE_CODE = YES;
				CLANG_WARN__DUPLICATE_METHOD_MATCH = YES;
				COPY_PHASE_STRIP = NO;
				DEBUG_INFORMATION_FORMAT = "dwarf-with-dsym";
				ENABLE_NS_ASSERTIONS = NO;
				ENABLE_STRICT_OBJC_MSGSEND = YES;
				ENABLE_USER_SCRIPT_SANDBOXING = YES;
				GCC_C_LANGUAGE_STANDARD = gnu17;
				GCC_NO_COMMON_BLOCKS = YES;
				GCC_WARN_64_TO_32_BIT_CONVERSION = YES;
				GCC_WARN_ABOUT_RETURN_TYPE = YES_ERROR;
				GCC_WARN_UNDECLARED_SELECTOR = YES;
				GCC_WARN_UNINITIALIZED_AUTOS = YES_AGGRESSIVE;
				GCC_WARN_UNUSED_FUNCTION = YES;
				GCC_WARN_UNUSED_VARIABLE = YES;
				LOCALIZATION_PREFERS_STRING_CATALOGS = YES;
				MACOSX_DEPLOYMENT_TARGET = 14.0;
				MTL_ENABLE_DEBUG_INFO = NO;
				MTL_FAST_MATH = YES;
				SDKROOT = macosx;
				SWIFT_COMPILATION_MODE = wholemodule;
			};
			name = Release;
		};
		37D25AFC2A7B095A00FFA2C2 /* Debug */ = {
			isa = XCBuildConfiguration;
			buildSettings = {
				ASSETCATALOG_COMPILER_APPICON_NAME = AppIcon;
				ASSETCATALOG_COMPILER_GLOBAL_ACCENT_COLOR_NAME = AccentColor;
				CODE_SIGN_ENTITLEMENTS = SalatTimeBar/SalatTimeBar.entitlements;
				"CODE_SIGN_IDENTITY[sdk=macosx*]" = "Apple Development";
				CODE_SIGN_STYLE = Automatic;
				COMBINE_HIDPI_IMAGES = YES;
				CURRENT_PROJECT_VERSION = 1;
				DEVELOPMENT_ASSET_PATHS = "\"SalatTimeBar/Preview Content\"";
				DEVELOPMENT_TEAM = 2GG48ZWT8T;
				ENABLE_HARDENED_RUNTIME = YES;
				ENABLE_PREVIEWS = YES;
				GENERATE_INFOPLIST_FILE = YES;
				INFOPLIST_FILE = SalatTimeBar/Info.plist;
				INFOPLIST_KEY_LSUIElement = YES;
				INFOPLIST_KEY_NSHumanReadableCopyright = "";
				LD_RUNPATH_SEARCH_PATHS = (
					"$(inherited)",
					"@executable_path/../Frameworks",
				);
				MARKETING_VERSION = 1.0;
				PRODUCT_BUNDLE_IDENTIFIER = com.AamirJawaid.SalatTimeBar;
				PRODUCT_NAME = "$(TARGET_NAME)";
				SWIFT_EMIT_LOC_STRINGS = YES;
				SWIFT_VERSION = 5.0;
			};
			name = Debug;
		};
		37D25AFD2A7B095A00FFA2C2 /* Release */ = {
			isa = XCBuildConfiguration;
			buildSettings = {
				ASSETCATALOG_COMPILER_APPICON_NAME = AppIcon;
				ASSETCATALOG_COMPILER_GLOBAL_ACCENT_COLOR_NAME = AccentColor;
				CODE_SIGN_ENTITLEMENTS = SalatTimeBar/SalatTimeBarRelease.entitlements;
				"CODE_SIGN_IDENTITY[sdk=macosx*]" = "Apple Development";
				CODE_SIGN_STYLE = Automatic;
				COMBINE_HIDPI_IMAGES = YES;
				CURRENT_PROJECT_VERSION = 1;
				DEVELOPMENT_ASSET_PATHS = "\"SalatTimeBar/Preview Content\"";
				DEVELOPMENT_TEAM = 2GG48ZWT8T;
				ENABLE_HARDENED_RUNTIME = YES;
				ENABLE_PREVIEWS = YES;
				GENERATE_INFOPLIST_FILE = YES;
				INFOPLIST_FILE = SalatTimeBar/Info.plist;
				INFOPLIST_KEY_LSUIElement = YES;
				INFOPLIST_KEY_NSHumanReadableCopyright = "";
				LD_RUNPATH_SEARCH_PATHS = (
					"$(inherited)",
					"@executable_path/../Frameworks",
				);
				MARKETING_VERSION = 1.0;
				PRODUCT_BUNDLE_IDENTIFIER = com.AamirJawaid.SalatTimeBar;
				PRODUCT_NAME = "$(TARGET_NAME)";
				SWIFT_EMIT_LOC_STRINGS = YES;
				SWIFT_VERSION = 5.0;
			};
			name = Release;
		};
/* End XCBuildConfiguration section */

/* Begin XCConfigurationList section */
		37D25AD12A7B095700FFA2C2 /* Build configuration list for PBXProject "SalatTimeBar" */ = {
			isa = XCConfigurationList;
			buildConfigurations = (
				37D25AF92A7B095A00FFA2C2 /* Debug */,
				37D25AFA2A7B095A00FFA2C2 /* Release */,
			);
			defaultConfigurationIsVisible = 0;
			defaultConfigurationName = Release;
		};
		37D25AFB2A7B095A00FFA2C2 /* Build configuration list for PBXNativeTarget "SalatTimeBar" */ = {
			isa = XCConfigurationList;
			buildConfigurations = (
				37D25AFC2A7B095A00FFA2C2 /* Debug */,
				37D25AFD2A7B095A00FFA2C2 /* Release */,
			);
			defaultConfigurationIsVisible = 0;
			defaultConfigurationName = Release;
		};
/* End XCConfigurationList section */

/* Begin XCRemoteSwiftPackageReference section */
		376679A62ADB9A4100CF583F /* XCRemoteSwiftPackageReference "Alamofire" */ = {
			isa = XCRemoteSwiftPackageReference;
			repositoryURL = "https://github.com/Alamofire/Alamofire.git";
			requirement = {
				kind = upToNextMajorVersion;
				minimumVersion = 5.8.0;
			};
		};
/* End XCRemoteSwiftPackageReference section */

/* Begin XCSwiftPackageProductDependency section */
		376679A72ADB9A4100CF583F /* Alamofire */ = {
			isa = XCSwiftPackageProductDependency;
			package = 376679A62ADB9A4100CF583F /* XCRemoteSwiftPackageReference "Alamofire" */;
			productName = Alamofire;
		};
/* End XCSwiftPackageProductDependency section */
	};
	rootObject = 37D25ACE2A7B095700FFA2C2 /* Project object */;
}
